
Microsoft Visual Studio Solution File, Format Version 12.00
Project("{F2A71F9B-5D33-465A-A702-920D77279786}") = "Strategy", "Strategy\Strategy.fsproj", "{938D7967-A92E-4633-A780-512F5FB4E7C3}"
EndProject
Global
	GlobalSection(SolutionConfigurationPlatforms) = preSolution
		Debug|Any CPU = Debug|Any CPU
		Release|Any CPU = Release|Any CPU
	EndGlobalSection
	GlobalSection(ProjectConfigurationPlatforms) = postSolution
		{938D7967-A92E-4633-A780-512F5FB4E7C3}.Debug|Any CPU.ActiveCfg = Debug|Any CPU
		{938D7967-A92E-4633-A780-512F5FB4E7C3}.Debug|Any CPU.Build.0 = Debug|Any CPU
		{938D7967-A92E-4633-A780-512F5FB4E7C3}.Release|Any CPU.ActiveCfg = Release|Any CPU
		{938D7967-A92E-4633-A780-512F5FB4E7C3}.Release|Any CPU.Build.0 = Release|Any CPU
	EndGlobalSection
EndGlobal
